
Microsoft Visual Studio Solution File, Format Version 12.00
# Visual Studio Version 16
VisualStudioVersion = 16.0.30104.148
MinimumVisualStudioVersion = 10.0.40219.1
Project("{8BC9CEB8-8B4A-11D0-8D11-00A0C91BC942}") = "MyPyC++code", "MyPyC++code\MyPyC++code.vcxproj", "{86C17BD9-9089-4CB6-846B-674A62CF86E7}"
EndProject
Global
	GlobalSection(SolutionConfigurationPlatforms) = preSolution
		Debug|x64 = Debug|x64
		Debug|x86 = Debug|x86
		Release|x64 = Release|x64
		Release|x86 = Release|x86
	EndGlobalSection
	GlobalSection(ProjectConfigurationPlatforms) = postSolution
		{86C17BD9-9089-4CB6-846B-674A62CF86E7}.Debug|x64.ActiveCfg = Debug|x64
		{86C17BD9-9089-4CB6-846B-674A62CF86E7}.Debug|x64.Build.0 = Debug|x64
		{86C17BD9-9089-4CB6-846B-674A62CF86E7}.Debug|x86.ActiveCfg = Debug|Win32
		{86C17BD9-9089-4CB6-846B-674A62CF86E7}.Debug|x86.Build.0 = Debug|Win32
		{86C17BD9-9089-4CB6-846B-674A62CF86E7}.Release|x64.ActiveCfg = Release|x64
		{86C17BD9-9089-4CB6-846B-674A62CF86E7}.Release|x64.Build.0 = Release|x64
		{86C17BD9-9089-4CB6-846B-674A62CF86E7}.Release|x86.ActiveCfg = Release|Win32
		{86C17BD9-9089-4CB6-846B-674A62CF86E7}.Release|x86.Build.0 = Release|Win32
	EndGlobalSection
	GlobalSection(SolutionProperties) = preSolution
		HideSolutionNode = FALSE
	EndGlobalSection
	GlobalSection(ExtensibilityGlobals) = postSolution
		SolutionGuid = {178B9A6F-392E-4D60-9033-E20B8E76A803}
	EndGlobalSection
EndGlobal
